
Microsoft Visual Studio Solution File, Format Version 12.00
# Visual Studio 14
VisualStudioVersion = 14.0.25420.1
MinimumVisualStudioVersion = 10.0.40219.1
Project("{8BC9CEB8-8B4A-11D0-8D11-00A0C91BC942}") = "base_test", "base_test\base_test.vcxproj", "{6D06C632-5F7A-40F0-8FF3-AB99663BD14B}"
EndProject
Project("{8BC9CEB8-8B4A-11D0-8D11-00A0C91BC942}") = "boost_test", "boost_test\boost_test.vcxproj", "{B29E6C35-8FD7-4784-B8D6-8B8D11A28EA2}"
EndProject
Project("{8BC9CEB8-8B4A-11D0-8D11-00A0C91BC942}") = "dddd", "dddd\dddd.vcxproj", "{22CC89B1-3EF3-4362-9110-26571E60BB92}"
EndProject
Global
	GlobalSection(SolutionConfigurationPlatforms) = preSolution
		Debug|ARM = Debug|ARM
		Debug|x64 = Debug|x64
		Debug|x86 = Debug|x86
		Release|ARM = Release|ARM
		Release|x64 = Release|x64
		Release|x86 = Release|x86
	EndGlobalSection
	GlobalSection(ProjectConfigurationPlatforms) = postSolution
		{6D06C632-5F7A-40F0-8FF3-AB99663BD14B}.Debug|ARM.ActiveCfg = Debug|ARM
		{6D06C632-5F7A-40F0-8FF3-AB99663BD14B}.Debug|ARM.Build.0 = Debug|ARM
		{6D06C632-5F7A-40F0-8FF3-AB99663BD14B}.Debug|x64.ActiveCfg = Debug|x64
		{6D06C632-5F7A-40F0-8FF3-AB99663BD14B}.Debug|x64.Build.0 = Debug|x64
		{6D06C632-5F7A-40F0-8FF3-AB99663BD14B}.Debug|x86.ActiveCfg = Debug|x86
		{6D06C632-5F7A-40F0-8FF3-AB99663BD14B}.Debug|x86.Build.0 = Debug|x86
		{6D06C632-5F7A-40F0-8FF3-AB99663BD14B}.Release|ARM.ActiveCfg = Release|ARM
		{6D06C632-5F7A-40F0-8FF3-AB99663BD14B}.Release|ARM.Build.0 = Release|ARM
		{6D06C632-5F7A-40F0-8FF3-AB99663BD14B}.Release|x64.ActiveCfg = Release|x64
		{6D06C632-5F7A-40F0-8FF3-AB99663BD14B}.Release|x64.Build.0 = Release|x64
		{6D06C632-5F7A-40F0-8FF3-AB99663BD14B}.Release|x86.ActiveCfg = Release|x86
		{6D06C632-5F7A-40F0-8FF3-AB99663BD14B}.Release|x86.Build.0 = Release|x86
		{B29E6C35-8FD7-4784-B8D6-8B8D11A28EA2}.Debug|ARM.ActiveCfg = Debug|ARM
		{B29E6C35-8FD7-4784-B8D6-8B8D11A28EA2}.Debug|ARM.Build.0 = Debug|ARM
		{B29E6C35-8FD7-4784-B8D6-8B8D11A28EA2}.Debug|x64.ActiveCfg = Debug|x64
		{B29E6C35-8FD7-4784-B8D6-8B8D11A28EA2}.Debug|x64.Build.0 = Debug|x64
		{B29E6C35-8FD7-4784-B8D6-8B8D11A28EA2}.Debug|x86.ActiveCfg = Debug|x86
		{B29E6C35-8FD7-4784-B8D6-8B8D11A28EA2}.Debug|x86.Build.0 = Debug|x86
		{B29E6C35-8FD7-4784-B8D6-8B8D11A28EA2}.Release|ARM.ActiveCfg = Release|ARM
		{B29E6C35-8FD7-4784-B8D6-8B8D11A28EA2}.Release|ARM.Build.0 = Release|ARM
		{B29E6C35-8FD7-4784-B8D6-8B8D11A28EA2}.Release|x64.ActiveCfg = Release|x64
		{B29E6C35-8FD7-4784-B8D6-8B8D11A28EA2}.Release|x64.Build.0 = Release|x64
		{B29E6C35-8FD7-4784-B8D6-8B8D11A28EA2}.Release|x86.ActiveCfg = Release|x86
		{B29E6C35-8FD7-4784-B8D6-8B8D11A28EA2}.Release|x86.Build.0 = Release|x86
		{22CC89B1-3EF3-4362-9110-26571E60BB92}.Debug|ARM.ActiveCfg = Debug|ARM
		{22CC89B1-3EF3-4362-9110-26571E60BB92}.Debug|ARM.Build.0 = Debug|ARM
		{22CC89B1-3EF3-4362-9110-26571E60BB92}.Debug|x64.ActiveCfg = Debug|x64
		{22CC89B1-3EF3-4362-9110-26571E60BB92}.Debug|x64.Build.0 = Debug|x64
		{22CC89B1-3EF3-4362-9110-26571E60BB92}.Debug|x86.ActiveCfg = Debug|x86
		{22CC89B1-3EF3-4362-9110-26571E60BB92}.Debug|x86.Build.0 = Debug|x86
		{22CC89B1-3EF3-4362-9110-26571E60BB92}.Release|ARM.ActiveCfg = Release|ARM
		{22CC89B1-3EF3-4362-9110-26571E60BB92}.Release|ARM.Build.0 = Release|ARM
		{22CC89B1-3EF3-4362-9110-26571E60BB92}.Release|x64.ActiveCfg = Release|x64
		{22CC89B1-3EF3-4362-9110-26571E60BB92}.Release|x64.Build.0 = Release|x64
		{22CC89B1-3EF3-4362-9110-26571E60BB92}.Release|x86.ActiveCfg = Release|x86
		{22CC89B1-3EF3-4362-9110-26571E60BB92}.Release|x86.Build.0 = Release|x86
	EndGlobalSection
	GlobalSection(SolutionProperties) = preSolution
		HideSolutionNode = FALSE
	EndGlobalSection
EndGlobal
