
Microsoft Visual Studio Solution File, Format Version 12.00
# Visual Studio 2013
VisualStudioVersion = 12.0.21005.1
MinimumVisualStudioVersion = 10.0.40219.1
Project("{888888A0-9F3D-457C-B088-3A5042F75D52}") = "aws_sdk_sample", "aws_sdk_sample\aws_sdk_sample.pyproj", "{84C8EFBA-66A3-4FD5-96FF-B713D0F2317C}"
EndProject
Global
	GlobalSection(SolutionConfigurationPlatforms) = preSolution
		Debug|Any CPU = Debug|Any CPU
		Release|Any CPU = Release|Any CPU
	EndGlobalSection
	GlobalSection(ProjectConfigurationPlatforms) = postSolution
		{84C8EFBA-66A3-4FD5-96FF-B713D0F2317C}.Debug|Any CPU.ActiveCfg = Debug|Any CPU
		{84C8EFBA-66A3-4FD5-96FF-B713D0F2317C}.Release|Any CPU.ActiveCfg = Release|Any CPU
	EndGlobalSection
	GlobalSection(SolutionProperties) = preSolution
		HideSolutionNode = FALSE
	EndGlobalSection
EndGlobal
